
Microsoft Visual Studio Solution File, Format Version 12.00
# Visual Studio Version 17
VisualStudioVersion = 17.0.32126.317
MinimumVisualStudioVersion = 10.0.40219.1
Project("{FAE04EC0-301F-11D3-BF4B-00C04F79EFBC}") = "CalculoDeTriangulos_Classe", "CalculoDeTriangulos_Classe.csproj", "{3D3C0F9D-AD96-4EB5-97A7-63AD89C584AF}"
EndProject
Global
	GlobalSection(SolutionConfigurationPlatforms) = preSolution
		Debug|Any CPU = Debug|Any CPU
		Release|Any CPU = Release|Any CPU
	EndGlobalSection
	GlobalSection(ProjectConfigurationPlatforms) = postSolution
		{3D3C0F9D-AD96-4EB5-97A7-63AD89C584AF}.Debug|Any CPU.ActiveCfg = Debug|Any CPU
		{3D3C0F9D-AD96-4EB5-97A7-63AD89C584AF}.Debug|Any CPU.Build.0 = Debug|Any CPU
		{3D3C0F9D-AD96-4EB5-97A7-63AD89C584AF}.Release|Any CPU.ActiveCfg = Release|Any CPU
		{3D3C0F9D-AD96-4EB5-97A7-63AD89C584AF}.Release|Any CPU.Build.0 = Release|Any CPU
	EndGlobalSection
	GlobalSection(SolutionProperties) = preSolution
		HideSolutionNode = FALSE
	EndGlobalSection
	GlobalSection(ExtensibilityGlobals) = postSolution
		SolutionGuid = {E33D2855-F415-4792-AC13-E328030E9413}
	EndGlobalSection
EndGlobal
